dependencies:
- name: elasticsearch
  repository: https://raw.githubusercontent.com/bitnami/charts/archive-full-index/bitnami
  version: 19.0.1
- name: postgresql
  repository: https://raw.githubusercontent.com/bitnami/charts/archive-full-index/bitnami
  version: 11.1.3
- name: redis
  repository: https://raw.githubusercontent.com/bitnami/charts/archive-full-index/bitnami
  version: 16.13.2
- name: common
  repository: https://charts.bitnami.com/bitnami
  version: 2.2.3
digest: sha256:5f38db33ba39cffa9ddb171f9dd13192b1b4251ca5726000c2694ee6a66f32a2
generated: "2023-02-21T16:52:50.125807+01:00"
